// !$*UTF8*$!
{
	archiveVersion = 1;
	classes = {
	};
	objectVersion = 50;
	objects = {

/* Begin PBXBuildFile section */
		59CC1857291B780E00F1299D /* lin_HW3App.swift in Sources */ = {isa = PBXBuildFile; fileRef = 59CC1856291B780E00F1299D /* lin_HW3App.swift */; };
		59CC1859291B780E00F1299D /* ContentView.swift in Sources */ = {isa = PBXBuildFile; fileRef = 59CC1858291B780E00F1299D /* ContentView.swift */; };
		59CC185B291B781600F1299D /* Assets.xcassets in Resources */ = {isa = PBXBuildFile; fileRef = 59CC185A291B781600F1299D /* Assets.xcassets */; };
		59CC185E291B781600F1299D /* Preview Assets.xcassets in Resources */ = {isa = PBXBuildFile; fileRef = 59CC185D291B781600F1299D /* Preview Assets.xcassets */; };
		59CC1867291B799E00F1299D /* BookingView.swift in Sources */ = {isa = PBXBuildFile; fileRef = 59CC1866291B799E00F1299D /* BookingView.swift */; };
		59CC186E291B79C400F1299D /* SettingView.swift in Sources */ = {isa = PBXBuildFile; fileRef = 59CC186D291B79C400F1299D /* SettingView.swift */; };
		59CC18782922376C00F1299D /* Music.mp3 in Resources */ = {isa = PBXBuildFile; fileRef = 59CC18772922376C00F1299D /* Music.mp3 */; };
		59CC187C29223D7900F1299D /* MapView.swift in Sources */ = {isa = PBXBuildFile; fileRef = 59CC187B29223D7900F1299D /* MapView.swift */; };
		59FC35DE292380570065B9FE /* iOS HW3-iphone 12 mini recorder.mov in Resources */ = {isa = PBXBuildFile; fileRef = 59FC35DD292380570065B9FE /* iOS HW3-iphone 12 mini recorder.mov */; };
/* End PBXBuildFile section */

/* Begin PBXFileReference section */
		59CC1853291B780E00F1299D /* lin_HW3.app */ = {isa = PBXFileReference; explicitFileType = wrapper.application; includeInIndex = 0; path = lin_HW3.app; sourceTree = BUILT_PRODUCTS_DIR; };
		59CC1856291B780E00F1299D /* lin_HW3App.swift */ = {isa = PBXFileReference; lastKnownFileType = sourcecode.swift; path = lin_HW3App.swift; sourceTree = "<group>"; };
		59CC1858291B780E00F1299D /* ContentView.swift */ = {isa = PBXFileReference; lastKnownFileType = sourcecode.swift; path = ContentView.swift; sourceTree = "<group>"; };
		59CC185A291B781600F1299D /* Assets.xcassets */ = {isa = PBXFileReference; lastKnownFileType = folder.assetcatalog; path = Assets.xcassets; sourceTree = "<group>"; };
		59CC185D291B781600F1299D /* Preview Assets.xcassets */ = {isa = PBXFileReference; lastKnownFileType = folder.assetcatalog; path = "Preview Assets.xcassets"; sourceTree = "<group>"; };
		59CC185F291B781600F1299D /* Info.plist */ = {isa = PBXFileReference; lastKnownFileType = text.plist.xml; path = Info.plist; sourceTree = "<group>"; };
		59CC1866291B799E00F1299D /* BookingView.swift */ = {isa = PBXFileReference; lastKnownFileType = sourcecode.swift; path = BookingView.swift; sourceTree = "<group>"; };
		59CC186D291B79C400F1299D /* SettingView.swift */ = {isa = PBXFileReference; lastKnownFileType = sourcecode.swift; path = SettingView.swift; sourceTree = "<group>"; };
		59CC18772922376C00F1299D /* Music.mp3 */ = {isa = PBXFileReference; lastKnownFileType = audio.mp3; path = Music.mp3; sourceTree = "<group>"; };
		59CC187B29223D7900F1299D /* MapView.swift */ = {isa = PBXFileReference; lastKnownFileType = sourcecode.swift; path = MapView.swift; sourceTree = "<group>"; };
		59FC35DD292380570065B9FE /* iOS HW3-iphone 12 mini recorder.mov */ = {isa = PBXFileReference; lastKnownFileType = video.quicktime; path = "iOS HW3-iphone 12 mini recorder.mov"; sourceTree = "<group>"; };
/* End PBXFileReference section */

/* Begin PBXFrameworksBuildPhase section */
		59CC1850291B780E00F1299D /* Frameworks */ = {
			isa = PBXFrameworksBuildPhase;
			buildActionMask = 2147483647;
			files = (
			);
			runOnlyForDeploymentPostprocessing = 0;
		};
/* End PBXFrameworksBuildPhase section */

/* Begin PBXGroup section */
		59CC184A291B780E00F1299D = {
			isa = PBXGroup;
			children = (
				59CC1855291B780E00F1299D /* lin_HW3 */,
				59CC1854291B780E00F1299D /* Products */,
			);
			sourceTree = "<group>";
		};
		59CC1854291B780E00F1299D /* Products */ = {
			isa = PBXGroup;
			children = (
				59CC1853291B780E00F1299D /* lin_HW3.app */,
			);
			name = Products;
			sourceTree = "<group>";
		};
		59CC1855291B780E00F1299D /* lin_HW3 */ = {
			isa = PBXGroup;
			children = (
				59CC1856291B780E00F1299D /* lin_HW3App.swift */,
				59CC1858291B780E00F1299D /* ContentView.swift */,
				59CC1866291B799E00F1299D /* BookingView.swift */,
				59CC186D291B79C400F1299D /* SettingView.swift */,
				59CC187B29223D7900F1299D /* MapView.swift */,
				59CC18772922376C00F1299D /* Music.mp3 */,
				59FC35DD292380570065B9FE /* iOS HW3-iphone 12 mini recorder.mov */,
				59CC185A291B781600F1299D /* Assets.xcassets */,
				59CC185F291B781600F1299D /* Info.plist */,
				59CC185C291B781600F1299D /* Preview Content */,
			);
			path = lin_HW3;
			sourceTree = "<group>";
		};
		59CC185C291B781600F1299D /* Preview Content */ = {
			isa = PBXGroup;
			children = (
				59CC185D291B781600F1299D /* Preview Assets.xcassets */,
			);
			path = "Preview Content";
			sourceTree = "<group>";
		};
/* End PBXGroup section */

/* Begin PBXNativeTarget section */
		59CC1852291B780E00F1299D /* lin_HW3 */ = {
			isa = PBXNativeTarget;
			buildConfigurationList = 59CC1862291B781600F1299D /* Build configuration list for PBXNativeTarget "lin_HW3" */;
			buildPhases = (
				59CC184F291B780E00F1299D /* Sources */,
				59CC1850291B780E00F1299D /* Frameworks */,
				59CC1851291B780E00F1299D /* Resources */,
			);
			buildRules = (
			);
			dependencies = (
			);
			name = lin_HW3;
			productName = lin_HW3;
			productReference = 59CC1853291B780E00F1299D /* lin_HW3.app */;
			productType = "com.apple.product-type.application";
		};
/* End PBXNativeTarget section */

/* Begin PBXProject section */
		59CC184B291B780E00F1299D /* Project object */ = {
			isa = PBXProject;
			attributes = {
				LastSwiftUpdateCheck = 1240;
				LastUpgradeCheck = 1240;
				TargetAttributes = {
					59CC1852291B780E00F1299D = {
						CreatedOnToolsVersion = 12.4;
					};
				};
			};
			buildConfigurationList = 59CC184E291B780E00F1299D /* Build configuration list for PBXProject "lin_HW3" */;
			compatibilityVersion = "Xcode 9.3";
			developmentRegion = en;
			hasScannedForEncodings = 0;
			knownRegions = (
				en,
				Base,
			);
			mainGroup = 59CC184A291B780E00F1299D;
			productRefGroup = 59CC1854291B780E00F1299D /* Products */;
			projectDirPath = "";
			projectRoot = "";
			targets = (
				59CC1852291B780E00F1299D /* lin_HW3 */,
			);
		};
/* End PBXProject section */

/* Begin PBXResourcesBuildPhase section */
		59CC1851291B780E00F1299D /* Resources */ = {
			isa = PBXResourcesBuildPhase;
			buildActionMask = 2147483647;
			files = (
				59CC18782922376C00F1299D /* Music.mp3 in Resources */,
				59CC185E291B781600F1299D /* Preview Assets.xcassets in Resources */,
				59FC35DE292380570065B9FE /* iOS HW3-iphone 12 mini recorder.mov in Resources */,
				59CC185B291B781600F1299D /* Assets.xcassets in Resources */,
			);
			runOnlyForDeploymentPostprocessing = 0;
		};
/* End PBXResourcesBuildPhase section */

/* Begin PBXSourcesBuildPhase section */
		59CC184F291B780E00F1299D /* Sources */ = {
			isa = PBXSourcesBuildPhase;
			buildActionMask = 2147483647;
			files = (
				59CC1867291B799E00F1299D /* BookingView.swift in Sources */,
				59CC186E291B79C400F1299D /* SettingView.swift in Sources */,
				59CC187C29223D7900F1299D /* MapView.swift in Sources */,
				59CC1859291B780E00F1299D /* ContentView.swift in Sources */,
				59CC1857291B780E00F1299D /* lin_HW3App.swift in Sources */,
			);
			runOnlyForDeploymentPostprocessing = 0;
		};
/* End PBXSourcesBuildPhase section */

/* Begin XCBuildConfiguration section */
		59CC1860291B781600F1299D /* Debug */ = {
			isa = XCBuildConfiguration;
			buildSettings = {
				ALWAYS_SEARCH_USER_PATHS = NO;
				CLANG_ANALYZER_NONNULL = YES;
				CLANG_ANALYZER_NUMBER_OBJECT_CONVERSION = YES_AGGRESSIVE;
				CLANG_CXX_LANGUAGE_STANDARD = "gnu++14";
				CLANG_CXX_LIBRARY = "libc++";
				CLANG_ENABLE_MODULES = YES;
				CLANG_ENABLE_OBJC_ARC = YES;
				CLANG_ENABLE_OBJC_WEAK = YES;
				CLANG_WARN_BLOCK_CAPTURE_AUTORELEASING = YES;
				CLANG_WARN_BOOL_CONVERSION = YES;
				CLANG_WARN_COMMA = YES;
				CLANG_WARN_CONSTANT_CONVERSION = YES;
				CLANG_WARN_DEPRECATED_OBJC_IMPLEMENTATIONS = YES;
				CLANG_WARN_DIRECT_OBJC_ISA_USAGE = YES_ERROR;
				CLANG_WARN_DOCUMENTATION_COMMENTS = YES;
				CLANG_WARN_EMPTY_BODY = YES;
				CLANG_WARN_ENUM_CONVERSION = YES;
				CLANG_WARN_INFINITE_RECURSION = YES;
				CLANG_WARN_INT_CONVERSION = YES;
				CLANG_WARN_NON_LITERAL_NULL_CONVERSION = YES;
				CLANG_WARN_OBJC_IMPLICIT_RETAIN_SELF = YES;
				CLANG_WARN_OBJC_LITERAL_CONVERSION = YES;
				CLANG_WARN_OBJC_ROOT_CLASS = YES_ERROR;
				CLANG_WARN_QUOTED_INCLUDE_IN_FRAMEWORK_HEADER = YES;
				CLANG_WARN_RANGE_LOOP_ANALYSIS = YES;
				CLANG_WARN_STRICT_PROTOTYPES = YES;
				CLANG_WARN_SUSPICIOUS_MOVE = YES;
				CLANG_WARN_UNGUARDED_AVAILABILITY = YES_AGGRESSIVE;
				CLANG_WARN_UNREACHABLE_CODE = YES;
				CLANG_WARN__DUPLICATE_METHOD_MATCH = YES;
				COPY_PHASE_STRIP = NO;
				DEBUG_INFORMATION_FORMAT = dwarf;
				ENABLE_STRICT_OBJC_MSGSEND = YES;
				ENABLE_TESTABILITY = YES;
				GCC_C_LANGUAGE_STANDARD = gnu11;
				GCC_DYNAMIC_NO_PIC = NO;
				GCC_NO_COMMON_BLOCKS = YES;
				GCC_OPTIMIZATION_LEVEL = 0;
				GCC_PREPROCESSOR_DEFINITIONS = (
					"DEBUG=1",
					"$(inherited)",
				);
				GCC_WARN_64_TO_32_BIT_CONVERSION = YES;
				GCC_WARN_ABOUT_RETURN_TYPE = YES_ERROR;
				GCC_WARN_UNDECLARED_SELECTOR = YES;
				GCC_WARN_UNINITIALIZED_AUTOS = YES_AGGRESSIVE;
				GCC_WARN_UNUSED_FUNCTION = YES;
				GCC_WARN_UNUSED_VARIABLE = YES;
				IPHONEOS_DEPLOYMENT_TARGET = 14.4;
				MTL_ENABLE_DEBUG_INFO = INCLUDE_SOURCE;
				MTL_FAST_MATH = YES;
				ONLY_ACTIVE_ARCH = YES;
				SDKROOT = iphoneos;
				SWIFT_ACTIVE_COMPILATION_CONDITIONS = DEBUG;
				SWIFT_OPTIMIZATION_LEVEL = "-Onone";
			};
			name = Debug;
		};
		59CC1861291B781600F1299D /* Release */ = {
			isa = XCBuildConfiguration;
			buildSettings = {
				ALWAYS_SEARCH_USER_PATHS = NO;
				CLANG_ANALYZER_NONNULL = YES;
				CLANG_ANALYZER_NUMBER_OBJECT_CONVERSION = YES_AGGRESSIVE;
				CLANG_CXX_LANGUAGE_STANDARD = "gnu++14";
				CLANG_CXX_LIBRARY = "libc++";
				CLANG_ENABLE_MODULES = YES;
				CLANG_ENABLE_OBJC_ARC = YES;
				CLANG_ENABLE_OBJC_WEAK = YES;
				CLANG_WARN_BLOCK_CAPTURE_AUTORELEASING = YES;
				CLANG_WARN_BOOL_CONVERSION = YES;
				CLANG_WARN_COMMA = YES;
				CLANG_WARN_CONSTANT_CONVERSION = YES;
				CLANG_WARN_DEPRECATED_OBJC_IMPLEMENTATIONS = YES;
				CLANG_WARN_DIRECT_OBJC_ISA_USAGE = YES_ERROR;
				CLANG_WARN_DOCUMENTATION_COMMENTS = YES;
				CLANG_WARN_EMPTY_BODY = YES;
				CLANG_WARN_ENUM_CONVERSION = YES;
				CLANG_WARN_INFINITE_RECURSION = YES;
				CLANG_WARN_INT_CONVERSION = YES;
				CLANG_WARN_NON_LITERAL_NULL_CONVERSION = YES;
				CLANG_WARN_OBJC_IMPLICIT_RETAIN_SELF = YES;
				CLANG_WARN_OBJC_LITERAL_CONVERSION = YES;
				CLANG_WARN_OBJC_ROOT_CLASS = YES_ERROR;
				CLANG_WARN_QUOTED_INCLUDE_IN_FRAMEWORK_HEADER = YES;
				CLANG_WARN_RANGE_LOOP_ANALYSIS = YES;
				CLANG_WARN_STRICT_PROTOTYPES = YES;
				CLANG_WARN_SUSPICIOUS_MOVE = YES;
				CLANG_WARN_UNGUARDED_AVAILABILITY = YES_AGGRESSIVE;
				CLANG_WARN_UNREACHABLE_CODE = YES;
				CLANG_WARN__DUPLICATE_METHOD_MATCH = YES;
				COPY_PHASE_STRIP = NO;
				DEBUG_INFORMATION_FORMAT = "dwarf-with-dsym";
				ENABLE_NS_ASSERTIONS = NO;
				ENABLE_STRICT_OBJC_MSGSEND = YES;
				GCC_C_LANGUAGE_STANDARD = gnu11;
				GCC_NO_COMMON_BLOCKS = YES;
				GCC_WARN_64_TO_32_BIT_CONVERSION = YES;
				GCC_WARN_ABOUT_RETURN_TYPE = YES_ERROR;
				GCC_WARN_UNDECLARED_SELECTOR = YES;
				GCC_WARN_UNINITIALIZED_AUTOS = YES_AGGRESSIVE;
				GCC_WARN_UNUSED_FUNCTION = YES;
				GCC_WARN_UNUSED_VARIABLE = YES;
				IPHONEOS_DEPLOYMENT_TARGET = 14.4;
				MTL_ENABLE_DEBUG_INFO = NO;
				MTL_FAST_MATH = YES;
				SDKROOT = iphoneos;
				SWIFT_COMPILATION_MODE = wholemodule;
				SWIFT_OPTIMIZATION_LEVEL = "-O";
				VALIDATE_PRODUCT = YES;
			};
			name = Release;
		};
		59CC1863291B781600F1299D /* Debug */ = {
			isa = XCBuildConfiguration;
			buildSettings = {
				ASSETCATALOG_COMPILER_APPICON_NAME = AppIcon;
				ASSETCATALOG_COMPILER_GLOBAL_ACCENT_COLOR_NAME = AccentColor;
				CODE_SIGN_STYLE = Automatic;
				DEVELOPMENT_ASSET_PATHS = "\"lin_HW3/Preview Content\"";
				ENABLE_PREVIEWS = YES;
				INFOPLIST_FILE = lin_HW3/Info.plist;
				IPHONEOS_DEPLOYMENT_TARGET = 14.0;
				LD_RUNPATH_SEARCH_PATHS = (
					"$(inherited)",
					"@executable_path/Frameworks",
				);
				PRODUCT_BUNDLE_IDENTIFIER = "wm.lin-HW3";
				PRODUCT_NAME = "$(TARGET_NAME)";
				SWIFT_VERSION = 5.0;
				TARGETED_DEVICE_FAMILY = "1,2";
			};
			name = Debug;
		};
		59CC1864291B781600F1299D /* Release */ = {
			isa = XCBuildConfiguration;
			buildSettings = {
				ASSETCATALOG_COMPILER_APPICON_NAME = AppIcon;
				ASSETCATALOG_COMPILER_GLOBAL_ACCENT_COLOR_NAME = AccentColor;
				CODE_SIGN_STYLE = Automatic;
				DEVELOPMENT_ASSET_PATHS = "\"lin_HW3/Preview Content\"";
				ENABLE_PREVIEWS = YES;
				INFOPLIST_FILE = lin_HW3/Info.plist;
				IPHONEOS_DEPLOYMENT_TARGET = 14.0;
				LD_RUNPATH_SEARCH_PATHS = (
					"$(inherited)",
					"@executable_path/Frameworks",
				);
				PRODUCT_BUNDLE_IDENTIFIER = "wm.lin-HW3";
				PRODUCT_NAME = "$(TARGET_NAME)";
				SWIFT_VERSION = 5.0;
				TARGETED_DEVICE_FAMILY = "1,2";
			};
			name = Release;
		};
/* End XCBuildConfiguration section */

/* Begin XCConfigurationList section */
		59CC184E291B780E00F1299D /* Build configuration list for PBXProject "lin_HW3" */ = {
			isa = XCConfigurationList;
			buildConfigurations = (
				59CC1860291B781600F1299D /* Debug */,
				59CC1861291B781600F1299D /* Release */,
			);
			defaultConfigurationIsVisible = 0;
			defaultConfigurationName = Release;
		};
		59CC1862291B781600F1299D /* Build configuration list for PBXNativeTarget "lin_HW3" */ = {
			isa = XCConfigurationList;
			buildConfigurations = (
				59CC1863291B781600F1299D /* Debug */,
				59CC1864291B781600F1299D /* Release */,
			);
			defaultConfigurationIsVisible = 0;
			defaultConfigurationName = Release;
		};
/* End XCConfigurationList section */
	};
	rootObject = 59CC184B291B780E00F1299D /* Project object */;
}
